# Written by meadow. Commit this file: it is what makes a build on
# another machine the build you tested. Change it with `meadow update`.

version = 1

[[package]]
name = "unicodeWidth"
source = "git+https://github.com/mcdearman/meadow-unicode-width"
rev = "fa95092300d547891f5e1ecbd100b7e2438e1058"
tree = "2373973eebaa44035b6dcf028675e40a6b69ebfb"
